{
	"name": "@admin-interface/core",
	"version": "0.1.3",
	"lockfileVersion": 1,
	"requires": true,
	"dependencies": {
		"@types/geojson": {
			"version": "1.0.6",
			"resolved": "https://registry.npmjs.org/@types/geojson/-/geojson-1.0.6.tgz",
			"integrity": "sha512-Xqg/lIZMrUd0VRmSRbCAewtwGZiAk3mEUDvV4op1tGl+LvyPcb/MIOSxTl9z+9+J+R4/vpjiCAT4xeKzH9ji1w=="
		},
		"@types/node": {
			"version": "8.0.47",
			"resolved": "https://registry.npmjs.org/@types/node/-/node-8.0.47.tgz",
			"integrity": "sha512-kOwL746WVvt/9Phf6/JgX/bsGQvbrK5iUgzyfwZNcKVFcjAUVSpF9HxevLTld2SG9aywYHOILj38arDdY1r/iQ=="
		},
		"acorn-globals": {
			"version": "1.0.9",
			"resolved": "https://registry.npmjs.org/acorn-globals/-/acorn-globals-1.0.9.tgz",
			"integrity": "sha1-VbtemGkVB7dFedBRNBMhfDgMVM8=",
			"requires": {
				"acorn": "2.7.0"
			},
			"dependencies": {
				"acorn": {
					"version": "2.7.0",
					"resolved": "https://registry.npmjs.org/acorn/-/acorn-2.7.0.tgz",
					"integrity": "sha1-q259nYhqrKiwhbwzEreaGYQz8Oc="
				}
			}
		},
		"align-text": {
			"version": "0.1.4",
			"resolved": "https://registry.npmjs.org/align-text/-/align-text-0.1.4.tgz",
			"integrity": "sha1-DNkKVhCT810KmSVsIrcGlDP60Rc=",
			"requires": {
				"kind-of": "3.2.2",
				"longest": "1.0.1",
				"repeat-string": "1.6.1"
			}
		},
		"amdefine": {
			"version": "1.0.1",
			"resolved": "https://registry.npmjs.org/amdefine/-/amdefine-1.0.1.tgz",
			"integrity": "sha1-SlKCrBZHKek2Gbz9OtFR+BfOkfU="
		},
		"argparse": {
			"version": "1.0.9",
			"resolved": "https://registry.npmjs.org/argparse/-/argparse-1.0.9.tgz",
			"integrity": "sha1-c9g7wmP4bpf4zE9rrhsOkKfSLIY=",
			"requires": {
				"sprintf-js": "1.0.3"
			}
		},
		"asap": {
			"version": "1.0.0",
			"resolved": "https://registry.npmjs.org/asap/-/asap-1.0.0.tgz",
			"integrity": "sha1-sqRdpf36ILBJb8N2jMJ8EvqRan0="
		},
		"bluebird": {
			"version": "3.5.1",
			"resolved": "https://registry.npmjs.org/bluebird/-/bluebird-3.5.1.tgz",
			"integrity": "sha512-MKiLiV+I1AA596t9w1sQJ8jkiSr5+ZKi0WKrYGUn6d1Fx+Ij4tIj+m2WMQSGczs5jZVxV339chE8iwk6F64wjA=="
		},
		"camelcase": {
			"version": "1.2.1",
			"resolved": "https://registry.npmjs.org/camelcase/-/camelcase-1.2.1.tgz",
			"integrity": "sha1-m7UwTS4LVmmLLHWLCKPqqdqlijk="
		},
		"center-align": {
			"version": "0.1.3",
			"resolved": "https://registry.npmjs.org/center-align/-/center-align-0.1.3.tgz",
			"integrity": "sha1-qg0yYptu6XIgBBHL1EYckHvCt60=",
			"requires": {
				"align-text": "0.1.4",
				"lazy-cache": "1.0.4"
			}
		},
		"character-parser": {
			"version": "1.2.1",
			"resolved": "https://registry.npmjs.org/character-parser/-/character-parser-1.2.1.tgz",
			"integrity": "sha1-wN3kqxgnE7kZuXCVmhI+zBow/NY="
		},
		"clean-css": {
			"version": "3.4.28",
			"resolved": "https://registry.npmjs.org/clean-css/-/clean-css-3.4.28.tgz",
			"integrity": "sha1-vxlF6C/ICPVWlebd6uwBQA79A/8=",
			"requires": {
				"commander": "2.8.1",
				"source-map": "0.4.4"
			},
			"dependencies": {
				"commander": {
					"version": "2.8.1",
					"resolved": "https://registry.npmjs.org/commander/-/commander-2.8.1.tgz",
					"integrity": "sha1-Br42f+v9oMMwqh4qBy09yXYkJdQ=",
					"requires": {
						"graceful-readlink": "1.0.1"
					}
				},
				"source-map": {
					"version": "0.4.4",
					"resolved": "https://registry.npmjs.org/source-map/-/source-map-0.4.4.tgz",
					"integrity": "sha1-66T12pwNyZneaAMti092FzZSA2s=",
					"requires": {
						"amdefine": "1.0.1"
					}
				}
			}
		},
		"cliui": {
			"version": "2.1.0",
			"resolved": "https://registry.npmjs.org/cliui/-/cliui-2.1.0.tgz",
			"integrity": "sha1-S0dXYP+AJkx2LDoXGQMukcf+oNE=",
			"requires": {
				"center-align": "0.1.3",
				"right-align": "0.1.3",
				"wordwrap": "0.0.2"
			},
			"dependencies": {
				"wordwrap": {
					"version": "0.0.2",
					"resolved": "https://registry.npmjs.org/wordwrap/-/wordwrap-0.0.2.tgz",
					"integrity": "sha1-t5Zpu0LstAn4PVg8rVLKF+qhZD8="
				}
			}
		},
		"cls-bluebird": {
			"version": "2.0.1",
			"resolved": "https://registry.npmjs.org/cls-bluebird/-/cls-bluebird-2.0.1.tgz",
			"integrity": "sha1-wlmkgK4CwOUGE0MHuxPbMERu4uc=",
			"requires": {
				"is-bluebird": "1.0.2",
				"shimmer": "1.1.0"
			}
		},
		"constantinople": {
			"version": "3.0.2",
			"resolved": "https://registry.npmjs.org/constantinople/-/constantinople-3.0.2.tgz",
			"integrity": "sha1-S5RdmTeQe82Y7ldRIsOBdRZUQUE=",
			"requires": {
				"acorn": "2.7.0"
			},
			"dependencies": {
				"acorn": {
					"version": "2.7.0",
					"resolved": "https://registry.npmjs.org/acorn/-/acorn-2.7.0.tgz",
					"integrity": "sha1-q259nYhqrKiwhbwzEreaGYQz8Oc="
				}
			}
		},
		"css": {
			"version": "1.0.8",
			"resolved": "https://registry.npmjs.org/css/-/css-1.0.8.tgz",
			"integrity": "sha1-k4aBHKgrzMnuf7WnMrHioxfIo+c=",
			"requires": {
				"css-parse": "1.0.4",
				"css-stringify": "1.0.5"
			}
		},
		"css-parse": {
			"version": "1.0.4",
			"resolved": "https://registry.npmjs.org/css-parse/-/css-parse-1.0.4.tgz",
			"integrity": "sha1-OLBQP7+dqfVOnB29pg4UXHcRe90="
		},
		"css-stringify": {
			"version": "1.0.5",
			"resolved": "https://registry.npmjs.org/css-stringify/-/css-stringify-1.0.5.tgz",
			"integrity": "sha1-sNBClG2ylTu50pKQCmy19tASIDE="
		},
		"debug": {
			"version": "2.6.9",
			"resolved": "https://registry.npmjs.org/debug/-/debug-2.6.9.tgz",
			"integrity": "sha512-bC7ElrdJaJnPbAP+1EotYvqZsb3ecl5wi6Bfi6BJTUcNowp6cvspg0jXznRTKDjm/E7AdgFBVeAPVMNcKGsHMA==",
			"requires": {
				"ms": "2.0.0"
			}
		},
		"decamelize": {
			"version": "1.2.0",
			"resolved": "https://registry.npmjs.org/decamelize/-/decamelize-1.2.0.tgz",
			"integrity": "sha1-9lNNFRSCabIDUue+4m9QH5oZEpA="
		},
		"depd": {
			"version": "1.1.1",
			"resolved": "https://registry.npmjs.org/depd/-/depd-1.1.1.tgz",
			"integrity": "sha1-V4O04cRZ8G+lyif5kfPQbnoxA1k="
		},
		"dottie": {
			"version": "2.0.0",
			"resolved": "https://registry.npmjs.org/dottie/-/dottie-2.0.0.tgz",
			"integrity": "sha1-2hkZgci41xPKARXViYzzl8Lw3dA="
		},
		"esprima": {
			"version": "4.0.0",
			"resolved": "https://registry.npmjs.org/esprima/-/esprima-4.0.0.tgz",
			"integrity": "sha512-oftTcaMu/EGrEIu904mWteKIv8vMuOgGYo7EhVJJN00R/EED9DCua/xxHRdYnKtcECzVg7xOWhflvJMnqcFZjw=="
		},
		"expand-tilde": {
			"version": "2.0.2",
			"resolved": "https://registry.npmjs.org/expand-tilde/-/expand-tilde-2.0.2.tgz",
			"integrity": "sha1-l+gBqgUt8CRU3kawK/YhZCzchQI=",
			"requires": {
				"homedir-polyfill": "1.0.1"
			}
		},
		"generic-pool": {
			"version": "3.2.0",
			"resolved": "https://registry.npmjs.org/generic-pool/-/generic-pool-3.2.0.tgz",
			"integrity": "sha512-JjcXDHT84icN/kFaF5+rNd1trZsgJFVqTSgM9dv6eayxSIQKMq0ilBJ+5pvf0SgimacMlZEsav4oL+4dUE4E2g=="
		},
		"get-installed-path": {
			"version": "4.0.8",
			"resolved": "https://registry.npmjs.org/get-installed-path/-/get-installed-path-4.0.8.tgz",
			"integrity": "sha512-PmANK1xElIHlHH2tXfOoTnSDUjX1X3GvKK6ZyLbUnSCCn1pADwu67eVWttuPzJWrXDDT2MfO6uAaKILOFfitmA==",
			"requires": {
				"global-modules": "1.0.0"
			}
		},
		"global-modules": {
			"version": "1.0.0",
			"resolved": "https://registry.npmjs.org/global-modules/-/global-modules-1.0.0.tgz",
			"integrity": "sha512-sKzpEkf11GpOFuw0Zzjzmt4B4UZwjOcG757PPvrfhxcLFbq0wpsgpOqxpxtxFiCG4DtG93M6XRVbF2oGdev7bg==",
			"requires": {
				"global-prefix": "1.0.2",
				"is-windows": "1.0.1",
				"resolve-dir": "1.0.1"
			}
		},
		"global-prefix": {
			"version": "1.0.2",
			"resolved": "https://registry.npmjs.org/global-prefix/-/global-prefix-1.0.2.tgz",
			"integrity": "sha1-2/dDxsFJklk8ZVVoy2btMsASLr4=",
			"requires": {
				"expand-tilde": "2.0.2",
				"homedir-polyfill": "1.0.1",
				"ini": "1.3.5",
				"is-windows": "1.0.1",
				"which": "1.3.0"
			}
		},
		"graceful-readlink": {
			"version": "1.0.1",
			"resolved": "https://registry.npmjs.org/graceful-readlink/-/graceful-readlink-1.0.1.tgz",
			"integrity": "sha1-TK+tdrxi8C+gObL5Tpo906ORpyU="
		},
		"homedir-polyfill": {
			"version": "1.0.1",
			"resolved": "https://registry.npmjs.org/homedir-polyfill/-/homedir-polyfill-1.0.1.tgz",
			"integrity": "sha1-TCu8inWJmP7r9e1oWA921GdotLw=",
			"requires": {
				"parse-passwd": "1.0.0"
			}
		},
		"inflection": {
			"version": "1.12.0",
			"resolved": "https://registry.npmjs.org/inflection/-/inflection-1.12.0.tgz",
			"integrity": "sha1-ogCTVlbW9fa8TcdQLhrstwMihBY="
		},
		"ini": {
			"version": "1.3.5",
			"resolved": "https://registry.npmjs.org/ini/-/ini-1.3.5.tgz",
			"integrity": "sha512-RZY5huIKCMRWDUqZlEi72f/lmXKMvuszcMBduliQ3nnWbx9X/ZBQO7DijMEYS9EhHBb2qacRUMtC7svLwe0lcw=="
		},
		"is-bluebird": {
			"version": "1.0.2",
			"resolved": "https://registry.npmjs.org/is-bluebird/-/is-bluebird-1.0.2.tgz",
			"integrity": "sha1-CWQ5Bg9KpBGr7hkUOoTWpVNG1uI="
		},
		"is-buffer": {
			"version": "1.1.6",
			"resolved": "https://registry.npmjs.org/is-buffer/-/is-buffer-1.1.6.tgz",
			"integrity": "sha512-NcdALwpXkTm5Zvvbk7owOUSvVvBKDgKP5/ewfXEznmQFfs4ZRmanOeKBTjRVjka3QFoN6XJ+9F3USqfHqTaU5w=="
		},
		"is-promise": {
			"version": "2.1.0",
			"resolved": "https://registry.npmjs.org/is-promise/-/is-promise-2.1.0.tgz",
			"integrity": "sha1-eaKp7OfwlugPNtKy87wWwf9L8/o="
		},
		"is-windows": {
			"version": "1.0.1",
			"resolved": "https://registry.npmjs.org/is-windows/-/is-windows-1.0.1.tgz",
			"integrity": "sha1-MQ23D3QtJZoWo2kgK1GvhCMzENk="
		},
		"isexe": {
			"version": "2.0.0",
			"resolved": "https://registry.npmjs.org/isexe/-/isexe-2.0.0.tgz",
			"integrity": "sha1-6PvzdNxVb/iUehDcsFctYz8s+hA="
		},
		"jade": {
			"version": "1.11.0",
			"resolved": "https://registry.npmjs.org/jade/-/jade-1.11.0.tgz",
			"integrity": "sha1-nIDlOMEtP7lcjZu5VZ+gzAQEBf0=",
			"requires": {
				"character-parser": "1.2.1",
				"clean-css": "3.4.28",
				"commander": "2.6.0",
				"constantinople": "3.0.2",
				"jstransformer": "0.0.2",
				"mkdirp": "0.5.1",
				"transformers": "2.1.0",
				"uglify-js": "2.8.29",
				"void-elements": "2.0.1",
				"with": "4.0.3"
			},
			"dependencies": {
				"commander": {
					"version": "2.6.0",
					"resolved": "https://registry.npmjs.org/commander/-/commander-2.6.0.tgz",
					"integrity": "sha1-nfflL7Kgyw+4kFjugMMQQiXzfh0="
				}
			}
		},
		"js-yaml": {
			"version": "3.10.0",
			"resolved": "https://registry.npmjs.org/js-yaml/-/js-yaml-3.10.0.tgz",
			"integrity": "sha512-O2v52ffjLa9VeM43J4XocZE//WT9N0IiwDa3KSHH7Tu8CtH+1qM8SIZvnsTh6v+4yFy5KUY3BHUVwjpfAWsjIA==",
			"requires": {
				"argparse": "1.0.9",
				"esprima": "4.0.0"
			}
		},
		"jstransformer": {
			"version": "0.0.2",
			"resolved": "https://registry.npmjs.org/jstransformer/-/jstransformer-0.0.2.tgz",
			"integrity": "sha1-eq4pqQPRls+glz2IXT5HlH7Ndqs=",
			"requires": {
				"is-promise": "2.1.0",
				"promise": "6.1.0"
			}
		},
		"kind-of": {
			"version": "3.2.2",
			"resolved": "https://registry.npmjs.org/kind-of/-/kind-of-3.2.2.tgz",
			"integrity": "sha1-MeohpzS6ubuw8yRm2JOupR5KPGQ=",
			"requires": {
				"is-buffer": "1.1.6"
			}
		},
		"lazy-cache": {
			"version": "1.0.4",
			"resolved": "https://registry.npmjs.org/lazy-cache/-/lazy-cache-1.0.4.tgz",
			"integrity": "sha1-odePw6UEdMuAhF07O24dpJpEbo4="
		},
		"lodash": {
			"version": "4.17.4",
			"resolved": "https://registry.npmjs.org/lodash/-/lodash-4.17.4.tgz",
			"integrity": "sha1-eCA6TRwyiuHYbcpkYONptX9AVa4="
		},
		"lodash.merge": {
			"version": "4.6.0",
			"resolved": "https://registry.npmjs.org/lodash.merge/-/lodash.merge-4.6.0.tgz",
			"integrity": "sha1-aYhLoUSsM/5plzemCG3v+t0PicU="
		},
		"longest": {
			"version": "1.0.1",
			"resolved": "https://registry.npmjs.org/longest/-/longest-1.0.1.tgz",
			"integrity": "sha1-MKCy2jj3N3DoKUoNIuZiXtd9AJc="
		},
		"minimist": {
			"version": "0.0.8",
			"resolved": "https://registry.npmjs.org/minimist/-/minimist-0.0.8.tgz",
			"integrity": "sha1-hX/Kv8M5fSYluCKCYuhqp6ARsF0="
		},
		"mkdirp": {
			"version": "0.5.1",
			"resolved": "https://registry.npmjs.org/mkdirp/-/mkdirp-0.5.1.tgz",
			"integrity": "sha1-MAV0OOrGz3+MR2fzhkjWaX11yQM=",
			"requires": {
				"minimist": "0.0.8"
			}
		},
		"moment": {
			"version": "2.19.1",
			"resolved": "https://registry.npmjs.org/moment/-/moment-2.19.1.tgz",
			"integrity": "sha1-VtoaLRy/AdOLfhr8McELz6GSkWc="
		},
		"moment-timezone": {
			"version": "0.5.14",
			"resolved": "https://registry.npmjs.org/moment-timezone/-/moment-timezone-0.5.14.tgz",
			"integrity": "sha1-TrOP+VOLgBCLpGekWPPtQmjM/LE=",
			"requires": {
				"moment": "2.19.1"
			}
		},
		"ms": {
			"version": "2.0.0",
			"resolved": "https://registry.npmjs.org/ms/-/ms-2.0.0.tgz",
			"integrity": "sha1-VgiurfwAvmwpAd9fmGF4jeDVl8g="
		},
		"object-path": {
			"version": "0.11.4",
			"resolved": "https://registry.npmjs.org/object-path/-/object-path-0.11.4.tgz",
			"integrity": "sha1-NwrnUvvzfePqcKhhwju6iRVpGUk="
		},
		"optimist": {
			"version": "0.3.7",
			"resolved": "https://registry.npmjs.org/optimist/-/optimist-0.3.7.tgz",
			"integrity": "sha1-yQlBrVnkJzMokjB00s8ufLxuwNk=",
			"requires": {
				"wordwrap": "0.0.3"
			},
			"dependencies": {
				"wordwrap": {
					"version": "0.0.3",
					"resolved": "https://registry.npmjs.org/wordwrap/-/wordwrap-0.0.3.tgz",
					"integrity": "sha1-o9XabNXAvAAI03I0u68b7WMFkQc="
				}
			}
		},
		"parse-passwd": {
			"version": "1.0.0",
			"resolved": "https://registry.npmjs.org/parse-passwd/-/parse-passwd-1.0.0.tgz",
			"integrity": "sha1-bVuTSkVpk7I9N/QKOC1vFmao5cY="
		},
		"promise": {
			"version": "6.1.0",
			"resolved": "https://registry.npmjs.org/promise/-/promise-6.1.0.tgz",
			"integrity": "sha1-LOcp9rlLRcJoka0GAsXJDgTG7vY=",
			"requires": {
				"asap": "1.0.0"
			}
		},
		"recursive-readdir-sync": {
			"version": "1.0.6",
			"resolved": "https://registry.npmjs.org/recursive-readdir-sync/-/recursive-readdir-sync-1.0.6.tgz",
			"integrity": "sha1-Hb9tMvPFu4083pemxYjVR6nhPVY="
		},
		"repeat-string": {
			"version": "1.6.1",
			"resolved": "https://registry.npmjs.org/repeat-string/-/repeat-string-1.6.1.tgz",
			"integrity": "sha1-jcrkcOHIirwtYA//Sndihtp15jc="
		},
		"resolve-dir": {
			"version": "1.0.1",
			"resolved": "https://registry.npmjs.org/resolve-dir/-/resolve-dir-1.0.1.tgz",
			"integrity": "sha1-eaQGRMNivoLybv/nOcm7U4IEb0M=",
			"requires": {
				"expand-tilde": "2.0.2",
				"global-modules": "1.0.0"
			}
		},
		"retry-as-promised": {
			"version": "2.3.2",
			"resolved": "https://registry.npmjs.org/retry-as-promised/-/retry-as-promised-2.3.2.tgz",
			"integrity": "sha1-zZdO5P2bX+A8vzGHHuSCIcB3N7c=",
			"requires": {
				"bluebird": "3.5.1",
				"debug": "2.6.9"
			}
		},
		"right-align": {
			"version": "0.1.3",
			"resolved": "https://registry.npmjs.org/right-align/-/right-align-0.1.3.tgz",
			"integrity": "sha1-YTObci/mo1FWiSENJOFMlhSGE+8=",
			"requires": {
				"align-text": "0.1.4"
			}
		},
		"semver": {
			"version": "5.4.1",
			"resolved": "https://registry.npmjs.org/semver/-/semver-5.4.1.tgz",
			"integrity": "sha512-WfG/X9+oATh81XtllIo/I8gOiY9EXRdv1cQdyykeXK17YcUW3EXUAi2To4pcH6nZtJPr7ZOpM5OMyWJZm+8Rsg=="
		},
		"sequelize": {
			"version": "4.22.1",
			"resolved": "https://registry.npmjs.org/sequelize/-/sequelize-4.22.1.tgz",
			"integrity": "sha512-qL8plzOnqLC+XN0Mh8IVn78CUHEzSTeiWLeONAeK5odHZaACvy+/zOeZPZjxfJ+6XnvKnxFMI9v1DpFcKXEArw==",
			"requires": {
				"bluebird": "3.5.1",
				"cls-bluebird": "2.0.1",
				"debug": "3.1.0",
				"depd": "1.1.1",
				"dottie": "2.0.0",
				"generic-pool": "3.2.0",
				"inflection": "1.12.0",
				"lodash": "4.17.4",
				"moment": "2.19.1",
				"moment-timezone": "0.5.14",
				"retry-as-promised": "2.3.2",
				"semver": "5.4.1",
				"terraformer-wkt-parser": "1.1.2",
				"toposort-class": "1.0.1",
				"uuid": "3.1.0",
				"validator": "9.1.1",
				"wkx": "0.4.2"
			},
			"dependencies": {
				"debug": {
					"version": "3.1.0",
					"resolved": "https://registry.npmjs.org/debug/-/debug-3.1.0.tgz",
					"integrity": "sha512-OX8XqP7/1a9cqkxYw2yXss15f26NKWBpDXQd0/uK/KPqdQhxbPa994hnzjcE2VqQpDslf55723cKPUOGSmMY3g==",
					"requires": {
						"ms": "2.0.0"
					}
				}
			}
		},
		"shimmer": {
			"version": "1.1.0",
			"resolved": "https://registry.npmjs.org/shimmer/-/shimmer-1.1.0.tgz",
			"integrity": "sha1-l9c3cTf/u6tCVSLkKf4KqJpIizU="
		},
		"source-map": {
			"version": "0.5.7",
			"resolved": "https://registry.npmjs.org/source-map/-/source-map-0.5.7.tgz",
			"integrity": "sha1-igOdLRAh0i0eoUyA2OpGi6LvP8w="
		},
		"sprintf-js": {
			"version": "1.0.3",
			"resolved": "https://registry.npmjs.org/sprintf-js/-/sprintf-js-1.0.3.tgz",
			"integrity": "sha1-BOaSb2YolTVPPdAVIDYzuFcpfiw="
		},
		"terraformer": {
			"version": "1.0.8",
			"resolved": "https://registry.npmjs.org/terraformer/-/terraformer-1.0.8.tgz",
			"integrity": "sha1-UeCtiXRvzyFh3G9lqnDkI3fItZM=",
			"requires": {
				"@types/geojson": "1.0.6"
			}
		},
		"terraformer-wkt-parser": {
			"version": "1.1.2",
			"resolved": "https://registry.npmjs.org/terraformer-wkt-parser/-/terraformer-wkt-parser-1.1.2.tgz",
			"integrity": "sha1-M2oMj8gglKWv+DKI9prt7NNpvww=",
			"requires": {
				"terraformer": "1.0.8"
			}
		},
		"toposort-class": {
			"version": "1.0.1",
			"resolved": "https://registry.npmjs.org/toposort-class/-/toposort-class-1.0.1.tgz",
			"integrity": "sha1-f/0feMi+KMO6Rc1OGj9e4ZO9mYg="
		},
		"transformers": {
			"version": "2.1.0",
			"resolved": "https://registry.npmjs.org/transformers/-/transformers-2.1.0.tgz",
			"integrity": "sha1-XSPLNVYd2F3Gf7hIIwm0fVPM6ac=",
			"requires": {
				"css": "1.0.8",
				"promise": "2.0.0",
				"uglify-js": "2.2.5"
			},
			"dependencies": {
				"is-promise": {
					"version": "1.0.1",
					"resolved": "https://registry.npmjs.org/is-promise/-/is-promise-1.0.1.tgz",
					"integrity": "sha1-MVc3YcBX4zwukaq56W2gjO++duU="
				},
				"promise": {
					"version": "2.0.0",
					"resolved": "https://registry.npmjs.org/promise/-/promise-2.0.0.tgz",
					"integrity": "sha1-RmSKqdYFr10ucMMCS/WUNtoCuA4=",
					"requires": {
						"is-promise": "1.0.1"
					}
				},
				"source-map": {
					"version": "0.1.43",
					"resolved": "https://registry.npmjs.org/source-map/-/source-map-0.1.43.tgz",
					"integrity": "sha1-wkvBRspRfBRx9drL4lcbK3+eM0Y=",
					"requires": {
						"amdefine": "1.0.1"
					}
				},
				"uglify-js": {
					"version": "2.2.5",
					"resolved": "https://registry.npmjs.org/uglify-js/-/uglify-js-2.2.5.tgz",
					"integrity": "sha1-puAqcNg5eSuXgEiLe4sYTAlcmcc=",
					"requires": {
						"optimist": "0.3.7",
						"source-map": "0.1.43"
					}
				}
			}
		},
		"uglify-js": {
			"version": "2.8.29",
			"resolved": "https://registry.npmjs.org/uglify-js/-/uglify-js-2.8.29.tgz",
			"integrity": "sha1-KcVzMUgFe7Th913zW3qcty5qWd0=",
			"requires": {
				"source-map": "0.5.7",
				"uglify-to-browserify": "1.0.2",
				"yargs": "3.10.0"
			}
		},
		"uglify-to-browserify": {
			"version": "1.0.2",
			"resolved": "https://registry.npmjs.org/uglify-to-browserify/-/uglify-to-browserify-1.0.2.tgz",
			"integrity": "sha1-bgkk1r2mta/jSeOabWMoUKD4grc=",
			"optional": true
		},
		"uuid": {
			"version": "3.1.0",
			"resolved": "https://registry.npmjs.org/uuid/-/uuid-3.1.0.tgz",
			"integrity": "sha512-DIWtzUkw04M4k3bf1IcpS2tngXEL26YUD2M0tMDUpnUrz2hgzUBlD55a4FjdLGPvfHxS6uluGWvaVEqgBcVa+g=="
		},
		"validator": {
			"version": "9.1.1",
			"resolved": "https://registry.npmjs.org/validator/-/validator-9.1.1.tgz",
			"integrity": "sha512-1TGGX1GKilfmcEa9rm+9nI9AqIUQK8oj4jZI0DmTGLTPM5jmowBBhyBIHCks73+P1QPZk2i6oOYUq583uOetHQ=="
		},
		"void-elements": {
			"version": "2.0.1",
			"resolved": "https://registry.npmjs.org/void-elements/-/void-elements-2.0.1.tgz",
			"integrity": "sha1-wGavtYK7HLQSjWDqkjkulNXp2+w="
		},
		"which": {
			"version": "1.3.0",
			"resolved": "https://registry.npmjs.org/which/-/which-1.3.0.tgz",
			"integrity": "sha512-xcJpopdamTuY5duC/KnTTNBraPK54YwpenP4lzxU8H91GudWpFv38u0CKjclE1Wi2EH2EDz5LRcHcKbCIzqGyg==",
			"requires": {
				"isexe": "2.0.0"
			}
		},
		"window-size": {
			"version": "0.1.0",
			"resolved": "https://registry.npmjs.org/window-size/-/window-size-0.1.0.tgz",
			"integrity": "sha1-VDjNLqk7IC76Ohn+iIeu58lPnJ0="
		},
		"with": {
			"version": "4.0.3",
			"resolved": "https://registry.npmjs.org/with/-/with-4.0.3.tgz",
			"integrity": "sha1-7v0VTp550sjTQXtkeo8U2f7M4U4=",
			"requires": {
				"acorn": "1.2.2",
				"acorn-globals": "1.0.9"
			},
			"dependencies": {
				"acorn": {
					"version": "1.2.2",
					"resolved": "https://registry.npmjs.org/acorn/-/acorn-1.2.2.tgz",
					"integrity": "sha1-yM4n3grMdtiW0rH6099YjZ6C8BQ="
				}
			}
		},
		"wkx": {
			"version": "0.4.2",
			"resolved": "https://registry.npmjs.org/wkx/-/wkx-0.4.2.tgz",
			"integrity": "sha1-d201pjSlwi5lbkdEvetU+D/Szo0=",
			"requires": {
				"@types/node": "8.0.47"
			}
		},
		"yaml-include": {
			"version": "1.2.0",
			"resolved": "https://registry.npmjs.org/yaml-include/-/yaml-include-1.2.0.tgz",
			"integrity": "sha1-xaGtpUyQ+924/lW01APp+Jn43tU=",
			"requires": {
				"debug": "2.6.9",
				"js-yaml": "3.10.0",
				"lodash.merge": "4.6.0",
				"recursive-readdir-sync": "1.0.6"
			}
		},
		"yargs": {
			"version": "3.10.0",
			"resolved": "https://registry.npmjs.org/yargs/-/yargs-3.10.0.tgz",
			"integrity": "sha1-9+572FfdfB0tOMDnTvvWgdFDH9E=",
			"requires": {
				"camelcase": "1.2.1",
				"cliui": "2.1.0",
				"decamelize": "1.2.0",
				"window-size": "0.1.0"
			}
		}
	}
}
